# This file is @generated by PDM.
# It is not intended for manual editing.

[metadata]
groups = ["default", "dev", "examples"]
strategy = ["cross_platform", "inherit_metadata"]
lock_version = "4.4.1"
content_hash = "sha256:26f1ae2f03ad7a50a96fb90c35744d2b7129027c0eb0f295528ba70e100a009c"

[[package]]
name = "argparse"
version = "1.4.0"
summary = "Python command-line parsing library"
groups = ["dev"]
files = [
    {file = "argparse-1.4.0-py2.py3-none-any.whl", hash = "sha256:c31647edb69fd3d465a847ea3157d37bed1f95f19760b11a47aa91c04b666314"},
    {file = "argparse-1.4.0.tar.gz", hash = "sha256:62b089a55be1d8949cd2bc7e0df0bddb9e028faefc8c32038cc84862aefdd6e4"},
]

[[package]]
name = "bitarray"
version = "2.9.0"
summary = "efficient arrays of booleans -- C extension"
groups = ["default"]
files = [
    {file = "bitarray-2.9.0-cp310-cp310-macosx_10_9_universal2.whl", hash = "sha256:ab089ac5d7574dd8ca326e468402d5aa0a6a5e5151b762673ca3330b608cb7c5"},
    {file = "bitarray-2.9.0-cp310-cp310-macosx_10_9_x86_64.whl", hash = "sha256:fa1c6e84e29f5f083b3b212b30f4f060e05bfd1d8ad216da5a7e0d012e44d5a4"},
    {file = "bitarray-2.9.0-cp310-cp310-macosx_11_0_arm64.whl", hash = "sha256:fe893ea692e8c64237b5c6a857b4f76bd595a887c9d74e65691aa5ad0ab6cf10"},
    {file = "bitarray-2.9.0-cp310-cp310-manylinux_2_17_aarch64.manylinux2014_aarch64.whl", hash = "sha256:1d9a1c0f6802ef8a037e66d86ceb6d803d5fb077aebbabfaf55af56d9a4d9572"},
    {file = "bitarray-2.9.0-cp310-cp310-manylinux_2_17_ppc64le.manylinux2014_ppc64le.whl", hash = "sha256:111ac27b3b8125a9e72d7b826786a34e9c5cc0f9ac397f71076845cf9ccbf401"},
    {file = "bitarray-2.9.0-cp310-cp310-manylinux_2_17_s390x.manylinux2014_s390x.whl", hash = "sha256:eafad598233bd0cba1dd7115cce9037e95b71930420128ce0f4e347c3fa3fa0f"},
    {file = "bitarray-2.9.0-cp310-cp310-manylinux_2_17_x86_64.manylinux2014_x86_64.whl", hash = "sha256:39b3dd69a79b027facd01b90360bef787e5b261fadc1ff83998fc3d5119bd0f7"},
    {file = "bitarray-2.9.0-cp310-cp310-manylinux_2_5_i686.manylinux1_i686.manylinux_2_17_i686.manylinux2014_i686.whl", hash = "sha256:879816eeb946fc12716dae646cc1a3e40f6f9a633fab3a5986a0d40274a62efd"},
    {file = "bitarray-2.9.0-cp310-cp310-musllinux_1_1_aarch64.whl", hash = "sha256:3e81988873d98d8937222d7cb69d0fef1ee589afd9c955c8dcb5a908d08445f7"},
    {file = "bitarray-2.9.0-cp310-cp310-musllinux_1_1_i686.whl", hash = "sha256:b1695f3915cbd0a4d302dde009939ca28187190b5bd41174d2c0669374362a81"},
    {file = "bitarray-2.9.0-cp310-cp310-musllinux_1_1_ppc64le.whl", hash = "sha256:8a5f7f7d15118d2a1cd0b57cf27e14fc7ae623ded6382bde911c60893fd7cbf3"},
    {file = "bitarray-2.9.0-cp310-cp310-musllinux_1_1_s390x.whl", hash = "sha256:2c603865bcf8342d4204b3ee23e1a1ff2e6298f6d0ef351869809eef3176e7b2"},
    {file = "bitarray-2.9.0-cp310-cp310-musllinux_1_1_x86_64.whl", hash = "sha256:954e3292b7ead2f16c262f7ec47b95a479000ea6b01945dccc9204ea07a8c0ec"},
    {file = "bitarray-2.9.0-cp310-cp310-win32.whl", hash = "sha256:3f529315c069ccaf02846f18ab1ba5579c5c46f055d3fab31f0ab996524b897d"},
    {file = "bitarray-2.9.0-cp310-cp310-win_amd64.whl", hash = "sha256:1f7e342156fd0588bf384ef63b0124102c52a1dbe303f95fec074062c4610371"},
    {file = "bitarray-2.9.0-cp311-cp311-macosx_10_9_universal2.whl", hash = "sha256:45663b8e56dfd5bf1e686beb4dd0b8e55a46fb2896b1207961bf74ecf39de74e"},
    {file = "bitarray-2.9.0-cp311-cp311-macosx_10_9_x86_64.whl", hash = "sha256:b07433b8d0883f6dc837aa24d6aea7ed693219bae79ec38ce8fd09dcefe1a4ff"},
    {file = "bitarray-2.9.0-cp311-cp311-macosx_11_0_arm64.whl", hash = "sha256:58952f61df227e72360540ad509760f66c72a76a2350585af607d054f61945e7"},
    {file = "bitarray-2.9.0-cp311-cp311-manylinux_2_17_aarch64.manylinux2014_aarch64.whl", hash = "sha256:2f5465ed28d3eb53c197e03241f93aee8a5b0e9894d8cd23a0f0a14d50ab2a62"},
    {file = "bitarray-2.9.0-cp311-cp311-manylinux_2_17_ppc64le.manylinux2014_ppc64le.whl", hash = "sha256:06d9c3f5bec712e2155cd997accece1adff0ce296bb919922e0981d04f7942f6"},
    {file = "bitarray-2.9.0-cp311-cp311-manylinux_2_17_s390x.manylinux2014_s390x.whl", hash = "sha256:6755c225947b7089426b437f760a61597845b7b6cdb619290ef32d6b2216fc80"},
    {file = "bitarray-2.9.0-cp311-cp311-manylinux_2_17_x86_64.manylinux2014_x86_64.whl", hash = "sha256:2fe5eb8cec8e0182e469e2c7e7c688ede5dc8441dfb5fd173cbee7d30d6a3393"},
    {file = "bitarray-2.9.0-cp311-cp311-manylinux_2_5_i686.manylinux1_i686.manylinux_2_17_i686.manylinux2014_i686.whl", hash = "sha256:d6245fd15bfbcd33346687930373b1bc78fd6f4e46e982aa2546c10e967d0353"},
    {file = "bitarray-2.9.0-cp311-cp311-musllinux_1_1_aarch64.whl", hash = "sha256:742bc991c1e4a2f7d1279864ce9e381230920e801f18b4fba8d4232f670be635"},
    {file = "bitarray-2.9.0-cp311-cp311-musllinux_1_1_i686.whl", hash = "sha256:a7cea4890b4712d5027f075a1559cf85fff2f1975566961d2e550a83098e8c0c"},
    {file = "bitarray-2.9.0-cp311-cp311-musllinux_1_1_ppc64le.whl", hash = "sha256:118c67df38b6bbac4ecf48f33763eca73bf689d26591234044279db944e04708"},
    {file = "bitarray-2.9.0-cp311-cp311-musllinux_1_1_s390x.whl", hash = "sha256:7e99df72cbc3c58c4b682738bd2f427d6a64e2b176b0b35ee0cf082db54d0f83"},
    {file = "bitarray-2.9.0-cp311-cp311-musllinux_1_1_x86_64.whl", hash = "sha256:ff7e88744fbd34f50fc65f2e395c3815808636300c1bd4c258cf9ce2c8a2c6dd"},
    {file = "bitarray-2.9.0-cp311-cp311-win32.whl", hash = "sha256:9b3a5faf0ef4979ddaba2f76bc1130744ac1f3c0980dde26d0321453f64183af"},
    {file = "bitarray-2.9.0-cp311-cp311-win_amd64.whl", hash = "sha256:f9fe1899e0c50d17f0c648a1ede89ae6d10daf0550becfa7b2b4f6bfdec7de8f"},
    {file = "bitarray-2.9.0-cp312-cp312-macosx_10_9_universal2.whl", hash = "sha256:9182ddf7ba31beb52ef39ac823c0246052e3c16df57971de030631f7f2041830"},
    {file = "bitarray-2.9.0-cp312-cp312-macosx_10_9_x86_64.whl", hash = "sha256:df362c77f2e6ae8cebc0f32e7fbfb6b84628b6e1da8ceb04ecc5a88734ef8a98"},
    {file = "bitarray-2.9.0-cp312-cp312-macosx_11_0_arm64.whl", hash = "sha256:d0e20320505bdee6db47ceaa626cc3397ae3653bab21c159f9eec643cd0d2b7f"},
    {file = "bitarray-2.9.0-cp312-cp312-manylinux_2_17_aarch64.manylinux2014_aarch64.whl", hash = "sha256:3e048064d3dad5b9cd29d2f2d2c7d4033c5e256598127a454f732b57fb62a510"},
    {file = "bitarray-2.9.0-cp312-cp312-manylinux_2_17_ppc64le.manylinux2014_ppc64le.whl", hash = "sha256:5846fa43f3cf39eae3bca9a332ba1ca5506226fd3d6febbbb56bfcf908d41d58"},
    {file = "bitarray-2.9.0-cp312-cp312-manylinux_2_17_s390x.manylinux2014_s390x.whl", hash = "sha256:126e8af1dc53b57b6fb99ececc51112db4ba38537c330a95f57bf05f866cfb5a"},
    {file = "bitarray-2.9.0-cp312-cp312-manylinux_2_17_x86_64.manylinux2014_x86_64.whl", hash = "sha256:bd6631fdedc775a64fdac4816b970b20a50c1805345642832323c4e49709f998"},
    {file = "bitarray-2.9.0-cp312-cp312-manylinux_2_5_i686.manylinux1_i686.manylinux_2_17_i686.manylinux2014_i686.whl", hash = "sha256:a11b5b6b60ef60573c0d922d0dd2c61a9905aa5e5b0c8021783e93b685a961f0"},
    {file = "bitarray-2.9.0-cp312-cp312-musllinux_1_1_aarch64.whl", hash = "sha256:eeeae595395ffdbc65c32472a1212214edb9fca6e27923e0f29c52fbf3f0bbe8"},
    {file = "bitarray-2.9.0-cp312-cp312-musllinux_1_1_i686.whl", hash = "sha256:bb629afc6976269bf6e3d5c5b7f27c9511604258df8ca4f68a14cedcc98d7a9d"},
    {file = "bitarray-2.9.0-cp312-cp312-musllinux_1_1_ppc64le.whl", hash = "sha256:b5c1edabce4563c88b300f33b8026f13b8f0188fed7760e5bda15135e554ff57"},
    {file = "bitarray-2.9.0-cp312-cp312-musllinux_1_1_s390x.whl", hash = "sha256:274cf45a1e52b508511af6368aeed60a707d8fd894cce34b49947374472a0d77"},
    {file = "bitarray-2.9.0-cp312-cp312-musllinux_1_1_x86_64.whl", hash = "sha256:ec8d4ecf2e1b1b75167e82f89029de5e3a489b75f80f007dd93c43df06cb6105"},
    {file = "bitarray-2.9.0-cp312-cp312-win32.whl", hash = "sha256:da72918037b4c926d1de9e80dba006f3abc49a7219471ef863c2acd7e89016f1"},
    {file = "bitarray-2.9.0-cp312-cp312-win_amd64.whl", hash = "sha256:60bbdaa36c1ee4b34676f5bbbcd534b4cd74c8ffaac0d2a167bbab3f5a3f4b21"},
    {file = "bitarray-2.9.0-cp38-cp38-macosx_10_9_universal2.whl", hash = "sha256:2b053374a805fee4dbbb3a061b7fbf2b4930b4c0aedfc69da933322674488554"},
    {file = "bitarray-2.9.0-cp38-cp38-macosx_10_9_x86_64.whl", hash = "sha256:98384ae044fdf320e3e57cbc8db8af4dce8f6a3835cfc1d8c017a74b4e3c5a4a"},
    {file = "bitarray-2.9.0-cp38-cp38-macosx_11_0_arm64.whl", hash = "sha256:197f20094613d8a110580867b7dd970f0959502eec9f45b81730366390d46937"},
    {file = "bitarray-2.9.0-cp38-cp38-manylinux_2_17_aarch64.manylinux2014_aarch64.whl", hash = "sha256:b4cf4e9d9b3371d4d8fd0bfc12701f958f8e558a88f46d9f15a4e6548ea2eb6b"},
    {file = "bitarray-2.9.0-cp38-cp38-manylinux_2_17_ppc64le.manylinux2014_ppc64le.whl", hash = "sha256:23f890be67c242c1957a5b2b5c007178d536f6933a448d6994e1ab98547a48c8"},
    {file = "bitarray-2.9.0-cp38-cp38-manylinux_2_17_s390x.manylinux2014_s390x.whl", hash = "sha256:473c773e83effe66c2afd6134b9d7cbfc8e9a8b2398558735248e24319530858"},
    {file = "bitarray-2.9.0-cp38-cp38-manylinux_2_17_x86_64.manylinux2014_x86_64.whl", hash = "sha256:176068b0b8d1468ef763262d430cb8bf8b692c87538ddf97bc8da633587acca0"},
    {file = "bitarray-2.9.0-cp38-cp38-manylinux_2_5_i686.manylinux1_i686.manylinux_2_17_i686.manylinux2014_i686.whl", hash = "sha256:0f5bdab8dddaaae637a625a5926c6fac538cff97d75d31fd5e7b94b3905505c7"},
    {file = "bitarray-2.9.0-cp38-cp38-musllinux_1_1_aarch64.whl", hash = "sha256:a59cb54cf3e778d9fa98d27fea61c511190ebc959710a97bc114549d2c61f3be"},
    {file = "bitarray-2.9.0-cp38-cp38-musllinux_1_1_i686.whl", hash = "sha256:e29f93d407d301afc5f6003aef24f930c49f1abf7e08bd981048bcf5637ebaad"},
    {file = "bitarray-2.9.0-cp38-cp38-musllinux_1_1_ppc64le.whl", hash = "sha256:d25c0c3d2303389a50834ce96fc12a7c93509d99c1ae38601f2e65ad7078c1bb"},
    {file = "bitarray-2.9.0-cp38-cp38-musllinux_1_1_s390x.whl", hash = "sha256:9b83937d082ba26458ba34abcee5b8cc56a9d7b28b811510e388b4a7103f497f"},
    {file = "bitarray-2.9.0-cp38-cp38-musllinux_1_1_x86_64.whl", hash = "sha256:f4bdeb1ec7a57983373143fb0c8cc3cd7ea16e588573b06ccb55d3534566ed6c"},
    {file = "bitarray-2.9.0-cp38-cp38-win32.whl", hash = "sha256:54a7d8c5de7b172f8579d764a41bd12ede5bc09e710979fac27c4acdc36833b4"},
    {file = "bitarray-2.9.0-cp38-cp38-win_amd64.whl", hash = "sha256:bae30f501328c17977368cdb6c538f171d526ba72850471aa4137723d2ec2941"},
    {file = "bitarray-2.9.0-cp39-cp39-macosx_10_9_universal2.whl", hash = "sha256:9070c5090f26fa95f3df77ebe5d47ac6b13b432e0a739aed4b3f4aa597cb44e7"},
    {file = "bitarray-2.9.0-cp39-cp39-macosx_10_9_x86_64.whl", hash = "sha256:666e29eef6bf14b3b82407ce82e24e2fee944d746223faed5a269d374d6eb2a4"},
    {file = "bitarray-2.9.0-cp39-cp39-macosx_11_0_arm64.whl", hash = "sha256:cc7c1ebe28741cc28cdff1dfe96c855688c4615399cfdddedff500964d48bd15"},
    {file = "bitarray-2.9.0-cp39-cp39-manylinux_2_17_aarch64.manylinux2014_aarch64.whl", hash = "sha256:3e97ad1a54926f522e3ba4ccbb4f5fb86315ee8933fa4b0f3f3f41b3ff5e4058"},
    {file = "bitarray-2.9.0-cp39-cp39-manylinux_2_17_ppc64le.manylinux2014_ppc64le.whl", hash = "sha256:d5b7b16a5cff6593db71456b4bd3a28d1827f4f8f008659ef16f90782828219c"},
    {file = "bitarray-2.9.0-cp39-cp39-manylinux_2_17_s390x.manylinux2014_s390x.whl", hash = "sha256:963e9162b73bc61e8c39be2f18de876f58ba3f20f29cadf74aca2723dca7f55b"},
    {file = "bitarray-2.9.0-cp39-cp39-manylinux_2_17_x86_64.manylinux2014_x86_64.whl", hash = "sha256:6576670f0f867647cd794ec97ac526a1a8938fa4f3f71365728d8471d1dba601"},
    {file = "bitarray-2.9.0-cp39-cp39-manylinux_2_5_i686.manylinux1_i686.manylinux_2_17_i686.manylinux2014_i686.whl", hash = "sha256:c316725ffe2f58b5d22a5e3b2045d33bea5ed9be8a5cc2bc1f1794244ff96adc"},
    {file = "bitarray-2.9.0-cp39-cp39-musllinux_1_1_aarch64.whl", hash = "sha256:5167654dc17ce0b79cd38e4487c5bf6dfcf78562eafaf686a3a94177622b08ce"},
    {file = "bitarray-2.9.0-cp39-cp39-musllinux_1_1_i686.whl", hash = "sha256:99dd13c6a246ece9a139f9e6d5283669b12ae314c3a14dbf64477cb8905b65e5"},
    {file = "bitarray-2.9.0-cp39-cp39-musllinux_1_1_ppc64le.whl", hash = "sha256:3dd852332875d8fc0facfe6177fc1e229a6ee5167ab099a25169ae2f79e72133"},
    {file = "bitarray-2.9.0-cp39-cp39-musllinux_1_1_s390x.whl", hash = "sha256:772c4ec07a1a91080420ae4baa3582ef33801e065c8340dd0ef0e33c30b5dfe9"},
    {file = "bitarray-2.9.0-cp39-cp39-musllinux_1_1_x86_64.whl", hash = "sha256:ba93637eeecee1e106f9e8b596dc6f24eff2cdaa1be253f5e560c64334dafe54"},
    {file = "bitarray-2.9.0-cp39-cp39-win32.whl", hash = "sha256:a8e882e44bf281da6ccf3185e53eccf518b4624e0df63b6099571b951ae01768"},
    {file = "bitarray-2.9.0-cp39-cp39-win_amd64.whl", hash = "sha256:518b84674f4bde9a3cce6ab125a6d1ba848c0f9c9e52d86bea0457bedb974027"},
    {file = "bitarray-2.9.0-pp310-pypy310_pp73-macosx_10_9_x86_64.whl", hash = "sha256:da54fb3a97a492c45d3ab2ca0dac74c780d267c6ae0ab63050142266baca6021"},
    {file = "bitarray-2.9.0-pp310-pypy310_pp73-manylinux_2_17_aarch64.manylinux2014_aarch64.whl", hash = "sha256:a7e9e35d3dddd768c88b4b9d2f2830e6f4427f01773af0b2bc03fc50fcaf8b10"},
    {file = "bitarray-2.9.0-pp310-pypy310_pp73-manylinux_2_17_x86_64.manylinux2014_x86_64.whl", hash = "sha256:b5d59002c9059d06303f7b9bd9c1b7b71ce77547acb774e41e5b6a52b66ad904"},
    {file = "bitarray-2.9.0-pp310-pypy310_pp73-manylinux_2_5_i686.manylinux1_i686.manylinux_2_17_i686.manylinux2014_i686.whl", hash = "sha256:41160eba12d2fe36914e67127d31c8ca56915070472ce14512de8e2f6d2370aa"},
    {file = "bitarray-2.9.0-pp310-pypy310_pp73-win_amd64.whl", hash = "sha256:ab04b1bf44a01b8e32a448df74338e9023f019cd055a6010a58c807d92593ff3"},
    {file = "bitarray-2.9.0-pp37-pypy37_pp73-macosx_10_9_x86_64.whl", hash = "sha256:15758c2e82578cf94928bd3fd74820d951cf90ad9bacf75fec0673b4a9f97bc4"},
    {file = "bitarray-2.9.0-pp37-pypy37_pp73-manylinux_2_17_aarch64.manylinux2014_aarch64.whl", hash = "sha256:15c37048859474f12645e549fe5958ecf95b25b6f0f274e6fd8a09982985ffd0"},
    {file = "bitarray-2.9.0-pp37-pypy37_pp73-manylinux_2_17_x86_64.manylinux2014_x86_64.whl", hash = "sha256:83319c53642b976d104ea6eb80e3cb2064065c285a0b68ff273ef6672e869700"},
    {file = "bitarray-2.9.0-pp37-pypy37_pp73-manylinux_2_5_i686.manylinux1_i686.manylinux_2_17_i686.manylinux2014_i686.whl", hash = "sha256:cda6fc9394a49d15aeff7f90ca7e216c65e3b813a150e16c5da7ccf0a39f4cd4"},
    {file = "bitarray-2.9.0-pp37-pypy37_pp73-win_amd64.whl", hash = "sha256:fd3b95ed45d3ed961ad9715502694de903c44df183f4e7d8dd71838e062a3feb"},
    {file = "bitarray-2.9.0-pp38-pypy38_pp73-macosx_10_9_x86_64.whl", hash = "sha256:a4c7b0e9756b3b9477af4b532bd9a539f0402ec86dae5b5d63dfc9b60deebe5c"},
    {file = "bitarray-2.9.0-pp38-pypy38_pp73-manylinux_2_17_aarch64.manylinux2014_aarch64.whl", hash = "sha256:8f91d1d77b0605279c8ba59ea1383c0f5ab1ac0cb9cdf3ed59cf9427fa85569b"},
    {file = "bitarray-2.9.0-pp38-pypy38_pp73-manylinux_2_17_x86_64.manylinux2014_x86_64.whl", hash = "sha256:9b82fe0e1e98e9bdb76966f4819f76234c04d62e6a7fa5d58ca0496265d61746"},
    {file = "bitarray-2.9.0-pp38-pypy38_pp73-manylinux_2_5_i686.manylinux1_i686.manylinux_2_17_i686.manylinux2014_i686.whl", hash = "sha256:afad75521754e7e03a742f00d3f75fb779cd4fcb6d1d22fc95add71af077d8f6"},
    {file = "bitarray-2.9.0-pp38-pypy38_pp73-win_amd64.whl", hash = "sha256:8c88e0413e04edd9e124ba44cd97477f2efc3ad0de77b259a97c41caa3b1c4af"},
    {file = "bitarray-2.9.0-pp39-pypy39_pp73-macosx_10_9_x86_64.whl", hash = "sha256:138f0d1566d2aec487d866a17a4e6c4c2e45e8bda419ebce95866292145a2d59"},
    {file = "bitarray-2.9.0-pp39-pypy39_pp73-manylinux_2_17_aarch64.manylinux2014_aarch64.whl", hash = "sha256:8728ec824c3a75f0f75ca8a6c3976fbc2628de691f3604ee010aef4c0ec34e4f"},
    {file = "bitarray-2.9.0-pp39-pypy39_pp73-manylinux_2_17_x86_64.manylinux2014_x86_64.whl", hash = "sha256:26a825b01c6ab26ee52a9be63c0637b8fd30ea84b8032cc0c6713494598175bd"},
    {file = "bitarray-2.9.0-pp39-pypy39_pp73-manylinux_2_5_i686.manylinux1_i686.manylinux_2_17_i686.manylinux2014_i686.whl", hash = "sha256:83111bd6ea211996aee770285f546dc264d7844174cccd8900c3abdd2f4fffd8"},
    {file = "bitarray-2.9.0-pp39-pypy39_pp73-win_amd64.whl", hash = "sha256:e9a3a40c276db188196fc72bc302c739c43b24f6054791ac9326c5b779639371"},
    {file = "bitarray-2.9.0.tar.gz", hash = "sha256:41f6b46f01bc59abfc38653d203565113b6e7dd04d0ec688774ed28e6d9755db"},
]

[[package]]
name = "bitstring"
version = "4.1.4"
requires_python = ">=3.7"
summary = "Simple construction, analysis and modification of binary data."
groups = ["default"]
dependencies = [
    "bitarray<3.0.0,>=2.8.0",
]
files = [
    {file = "bitstring-4.1.4-py3-none-any.whl", hash = "sha256:da46c4d6f8f3fb75a85566fdd33d5083ba8b8f268ed76f34eefe5a00da426192"},
    {file = "bitstring-4.1.4.tar.gz", hash = "sha256:94f3f1c45383ebe8fd4a359424ffeb75c2f290760ae8fcac421b44f89ac85213"},
]

[[package]]
name = "cerberus"
version = "1.3.5"
summary = "Lightweight, extensible schema and data validation tool for Pythondictionaries."
groups = ["default"]
files = [
    {file = "Cerberus-1.3.5-py3-none-any.whl", hash = "sha256:7649a5815024d18eb7c6aa5e7a95355c649a53aacfc9b050e9d0bf6bfa2af372"},
    {file = "Cerberus-1.3.5.tar.gz", hash = "sha256:81011e10266ef71b6ec6d50e60171258a5b134d69f8fb387d16e4936d0d47642"},
]

[[package]]
name = "colorama"
version = "0.4.6"
requires_python = "!=3.0.*,!=3.1.*,!=3.2.*,!=3.3.*,!=3.4.*,!=3.5.*,!=3.6.*,>=2.7"
summary = "Cross-platform colored terminal text."
groups = ["dev"]
marker = "sys_platform == \"win32\""
files = [
    {file = "colorama-0.4.6-py2.py3-none-any.whl", hash = "sha256:4f1d9991f5acc0ca119f9d443620b77f9d6b33703e51011c16baf57afb285fc6"},
    {file = "colorama-0.4.6.tar.gz", hash = "sha256:08695f5cb7ed6e0531a20572697297273c47b8cae5a63ffc6d6ed5c201be6e44"},
]

[[package]]
name = "coverage"
version = "7.3.3"
requires_python = ">=3.8"
summary = "Code coverage measurement for Python"
groups = ["dev"]
files = [
    {file = "coverage-7.3.3-cp310-cp310-macosx_10_9_x86_64.whl", hash = "sha256:d874434e0cb7b90f7af2b6e3309b0733cde8ec1476eb47db148ed7deeb2a9494"},
    {file = "coverage-7.3.3-cp310-cp310-macosx_11_0_arm64.whl", hash = "sha256:ee6621dccce8af666b8c4651f9f43467bfbf409607c604b840b78f4ff3619aeb"},
    {file = "coverage-7.3.3-cp310-cp310-manylinux_2_17_aarch64.manylinux2014_aarch64.whl", hash = "sha256:1367aa411afb4431ab58fd7ee102adb2665894d047c490649e86219327183134"},
    {file = "coverage-7.3.3-cp310-cp310-manylinux_2_5_i686.manylinux1_i686.manylinux_2_17_i686.manylinux2014_i686.whl", hash = "sha256:1f0f8f0c497eb9c9f18f21de0750c8d8b4b9c7000b43996a094290b59d0e7523"},
    {file = "coverage-7.3.3-cp310-cp310-manylinux_2_5_x86_64.manylinux1_x86_64.manylinux_2_17_x86_64.manylinux2014_x86_64.whl", hash = "sha256:db0338c4b0951d93d547e0ff8d8ea340fecf5885f5b00b23be5aa99549e14cfd"},
    {file = "coverage-7.3.3-cp310-cp310-musllinux_1_1_aarch64.whl", hash = "sha256:d31650d313bd90d027f4be7663dfa2241079edd780b56ac416b56eebe0a21aab"},
    {file = "coverage-7.3.3-cp310-cp310-musllinux_1_1_i686.whl", hash = "sha256:9437a4074b43c177c92c96d051957592afd85ba00d3e92002c8ef45ee75df438"},
    {file = "coverage-7.3.3-cp310-cp310-musllinux_1_1_x86_64.whl", hash = "sha256:9e17d9cb06c13b4f2ef570355fa45797d10f19ca71395910b249e3f77942a837"},
    {file = "coverage-7.3.3-cp310-cp310-win32.whl", hash = "sha256:eee5e741b43ea1b49d98ab6e40f7e299e97715af2488d1c77a90de4a663a86e2"},
    {file = "coverage-7.3.3-cp310-cp310-win_amd64.whl", hash = "sha256:593efa42160c15c59ee9b66c5f27a453ed3968718e6e58431cdfb2d50d5ad284"},
    {file = "coverage-7.3.3-cp311-cp311-macosx_10_9_x86_64.whl", hash = "sha256:8c944cf1775235c0857829c275c777a2c3e33032e544bcef614036f337ac37bb"},
    {file = "coverage-7.3.3-cp311-cp311-macosx_11_0_arm64.whl", hash = "sha256:eda7f6e92358ac9e1717ce1f0377ed2b9320cea070906ece4e5c11d172a45a39"},
    {file = "coverage-7.3.3-cp311-cp311-manylinux_2_17_aarch64.manylinux2014_aarch64.whl", hash = "sha256:3c854c1d2c7d3e47f7120b560d1a30c1ca221e207439608d27bc4d08fd4aeae8"},
    {file = "coverage-7.3.3-cp311-cp311-manylinux_2_5_i686.manylinux1_i686.manylinux_2_17_i686.manylinux2014_i686.whl", hash = "sha256:222b038f08a7ebed1e4e78ccf3c09a1ca4ac3da16de983e66520973443b546bc"},
    {file = "coverage-7.3.3-cp311-cp311-manylinux_2_5_x86_64.manylinux1_x86_64.manylinux_2_17_x86_64.manylinux2014_x86_64.whl", hash = "sha256:ff4800783d85bff132f2cc7d007426ec698cdce08c3062c8d501ad3f4ea3d16c"},
    {file = "coverage-7.3.3-cp311-cp311-musllinux_1_1_aarch64.whl", hash = "sha256:fc200cec654311ca2c3f5ab3ce2220521b3d4732f68e1b1e79bef8fcfc1f2b97"},
    {file = "coverage-7.3.3-cp311-cp311-musllinux_1_1_i686.whl", hash = "sha256:307aecb65bb77cbfebf2eb6e12009e9034d050c6c69d8a5f3f737b329f4f15fb"},
    {file = "coverage-7.3.3-cp311-cp311-musllinux_1_1_x86_64.whl", hash = "sha256:ffb0eacbadb705c0a6969b0adf468f126b064f3362411df95f6d4f31c40d31c1"},
    {file = "coverage-7.3.3-cp311-cp311-win32.whl", hash = "sha256:79c32f875fd7c0ed8d642b221cf81feba98183d2ff14d1f37a1bbce6b0347d9f"},
    {file = "coverage-7.3.3-cp311-cp311-win_amd64.whl", hash = "sha256:243576944f7c1a1205e5cd658533a50eba662c74f9be4c050d51c69bd4532936"},
    {file = "coverage-7.3.3-cp312-cp312-macosx_10_9_x86_64.whl", hash = "sha256:a2ac4245f18057dfec3b0074c4eb366953bca6787f1ec397c004c78176a23d56"},
    {file = "coverage-7.3.3-cp312-cp312-macosx_11_0_arm64.whl", hash = "sha256:f9191be7af41f0b54324ded600e8ddbcabea23e1e8ba419d9a53b241dece821d"},
    {file = "coverage-7.3.3-cp312-cp312-manylinux_2_17_aarch64.manylinux2014_aarch64.whl", hash = "sha256:31c0b1b8b5a4aebf8fcd227237fc4263aa7fa0ddcd4d288d42f50eff18b0bac4"},
    {file = "coverage-7.3.3-cp312-cp312-manylinux_2_5_i686.manylinux1_i686.manylinux_2_17_i686.manylinux2014_i686.whl", hash = "sha256:ee453085279df1bac0996bc97004771a4a052b1f1e23f6101213e3796ff3cb85"},
    {file = "coverage-7.3.3-cp312-cp312-manylinux_2_5_x86_64.manylinux1_x86_64.manylinux_2_17_x86_64.manylinux2014_x86_64.whl", hash = "sha256:1191270b06ecd68b1d00897b2daddb98e1719f63750969614ceb3438228c088e"},
    {file = "coverage-7.3.3-cp312-cp312-musllinux_1_1_aarch64.whl", hash = "sha256:007a7e49831cfe387473e92e9ff07377f6121120669ddc39674e7244350a6a29"},
    {file = "coverage-7.3.3-cp312-cp312-musllinux_1_1_i686.whl", hash = "sha256:af75cf83c2d57717a8493ed2246d34b1f3398cb8a92b10fd7a1858cad8e78f59"},
    {file = "coverage-7.3.3-cp312-cp312-musllinux_1_1_x86_64.whl", hash = "sha256:811ca7373da32f1ccee2927dc27dc523462fd30674a80102f86c6753d6681bc6"},
    {file = "coverage-7.3.3-cp312-cp312-win32.whl", hash = "sha256:733537a182b5d62184f2a72796eb6901299898231a8e4f84c858c68684b25a70"},
    {file = "coverage-7.3.3-cp312-cp312-win_amd64.whl", hash = "sha256:e995efb191f04b01ced307dbd7407ebf6e6dc209b528d75583277b10fd1800ee"},
    {file = "coverage-7.3.3-cp38-cp38-macosx_10_9_x86_64.whl", hash = "sha256:fbd8a5fe6c893de21a3c6835071ec116d79334fbdf641743332e442a3466f7ea"},
    {file = "coverage-7.3.3-cp38-cp38-macosx_11_0_arm64.whl", hash = "sha256:50c472c1916540f8b2deef10cdc736cd2b3d1464d3945e4da0333862270dcb15"},
    {file = "coverage-7.3.3-cp38-cp38-manylinux_2_17_aarch64.manylinux2014_aarch64.whl", hash = "sha256:2e9223a18f51d00d3ce239c39fc41410489ec7a248a84fab443fbb39c943616c"},
    {file = "coverage-7.3.3-cp38-cp38-manylinux_2_5_i686.manylinux1_i686.manylinux_2_17_i686.manylinux2014_i686.whl", hash = "sha256:f501e36ac428c1b334c41e196ff6bd550c0353c7314716e80055b1f0a32ba394"},
    {file = "coverage-7.3.3-cp38-cp38-manylinux_2_5_x86_64.manylinux1_x86_64.manylinux_2_17_x86_64.manylinux2014_x86_64.whl", hash = "sha256:475de8213ed95a6b6283056d180b2442eee38d5948d735cd3d3b52b86dd65b92"},
    {file = "coverage-7.3.3-cp38-cp38-musllinux_1_1_aarch64.whl", hash = "sha256:afdcc10c01d0db217fc0a64f58c7edd635b8f27787fea0a3054b856a6dff8717"},
    {file = "coverage-7.3.3-cp38-cp38-musllinux_1_1_i686.whl", hash = "sha256:fff0b2f249ac642fd735f009b8363c2b46cf406d3caec00e4deeb79b5ff39b40"},
    {file = "coverage-7.3.3-cp38-cp38-musllinux_1_1_x86_64.whl", hash = "sha256:a1f76cfc122c9e0f62dbe0460ec9cc7696fc9a0293931a33b8870f78cf83a327"},
    {file = "coverage-7.3.3-cp38-cp38-win32.whl", hash = "sha256:757453848c18d7ab5d5b5f1827293d580f156f1c2c8cef45bfc21f37d8681069"},
    {file = "coverage-7.3.3-cp38-cp38-win_amd64.whl", hash = "sha256:ad2453b852a1316c8a103c9c970db8fbc262f4f6b930aa6c606df9b2766eee06"},
    {file = "coverage-7.3.3-cp39-cp39-macosx_10_9_x86_64.whl", hash = "sha256:3b15e03b8ee6a908db48eccf4e4e42397f146ab1e91c6324da44197a45cb9132"},
    {file = "coverage-7.3.3-cp39-cp39-macosx_11_0_arm64.whl", hash = "sha256:89400aa1752e09f666cc48708eaa171eef0ebe3d5f74044b614729231763ae69"},
    {file = "coverage-7.3.3-cp39-cp39-manylinux_2_17_aarch64.manylinux2014_aarch64.whl", hash = "sha256:c59a3e59fb95e6d72e71dc915e6d7fa568863fad0a80b33bc7b82d6e9f844973"},
    {file = "coverage-7.3.3-cp39-cp39-manylinux_2_5_i686.manylinux1_i686.manylinux_2_17_i686.manylinux2014_i686.whl", hash = "sha256:9ede881c7618f9cf93e2df0421ee127afdfd267d1b5d0c59bcea771cf160ea4a"},
    {file = "coverage-7.3.3-cp39-cp39-manylinux_2_5_x86_64.manylinux1_x86_64.manylinux_2_17_x86_64.manylinux2014_x86_64.whl", hash = "sha256:f3bfd2c2f0e5384276e12b14882bf2c7621f97c35320c3e7132c156ce18436a1"},
    {file = "coverage-7.3.3-cp39-cp39-musllinux_1_1_aarch64.whl", hash = "sha256:7f3bad1a9313401ff2964e411ab7d57fb700a2d5478b727e13f156c8f89774a0"},
    {file = "coverage-7.3.3-cp39-cp39-musllinux_1_1_i686.whl", hash = "sha256:65d716b736f16e250435473c5ca01285d73c29f20097decdbb12571d5dfb2c94"},
    {file = "coverage-7.3.3-cp39-cp39-musllinux_1_1_x86_64.whl", hash = "sha256:a702e66483b1fe602717020a0e90506e759c84a71dbc1616dd55d29d86a9b91f"},
    {file = "coverage-7.3.3-cp39-cp39-win32.whl", hash = "sha256:7fbf3f5756e7955174a31fb579307d69ffca91ad163467ed123858ce0f3fd4aa"},
    {file = "coverage-7.3.3-cp39-cp39-win_amd64.whl", hash = "sha256:cad9afc1644b979211989ec3ff7d82110b2ed52995c2f7263e7841c846a75348"},
    {file = "coverage-7.3.3-pp38.pp39.pp310-none-any.whl", hash = "sha256:d299d379b676812e142fb57662a8d0d810b859421412b4d7af996154c00c31bb"},
    {file = "coverage-7.3.3.tar.gz", hash = "sha256:df04c64e58df96b4427db8d0559e95e2df3138c9916c96f9f6a4dd220db2fdb7"},
]

[[package]]
name = "crcmod"
version = "1.7"
summary = "CRC Generator"
groups = ["default"]
files = [
    {file = "crcmod-1.7.tar.gz", hash = "sha256:dc7051a0db5f2bd48665a990d3ec1cc305a466a77358ca4492826f41f283601e"},
]

[[package]]
name = "exceptiongroup"
version = "1.2.0"
requires_python = ">=3.7"
summary = "Backport of PEP 654 (exception groups)"
groups = ["dev"]
marker = "python_version < \"3.11\""
files = [
    {file = "exceptiongroup-1.2.0-py3-none-any.whl", hash = "sha256:4bfd3996ac73b41e9b9628b04e079f193850720ea5945fc96a08633c66912f14"},
    {file = "exceptiongroup-1.2.0.tar.gz", hash = "sha256:91f5c769735f051a4290d52edd0858999b57e5876e9f85937691bd4c9fa3ed68"},
]

[[package]]
name = "flake8"
version = "5.0.4"
requires_python = ">=3.6.1"
summary = "the modular source code checker: pep8 pyflakes and co"
groups = ["dev"]
dependencies = [
    "mccabe<0.8.0,>=0.7.0",
    "pycodestyle<2.10.0,>=2.9.0",
    "pyflakes<2.6.0,>=2.5.0",
]
files = [
    {file = "flake8-5.0.4-py2.py3-none-any.whl", hash = "sha256:7a1cf6b73744f5806ab95e526f6f0d8c01c66d7bbe349562d22dfca20610b248"},
    {file = "flake8-5.0.4.tar.gz", hash = "sha256:6fbe320aad8d6b95cec8b8e47bc933004678dc63095be98528b7bdd2a9f510db"},
]

[[package]]
name = "flake8-pyproject"
version = "1.2.3"
requires_python = ">= 3.6"
summary = "Flake8 plug-in loading the configuration from pyproject.toml"
groups = ["dev"]
dependencies = [
    "Flake8>=5",
    "TOMLi; python_version < \"3.11\"",
]
files = [
    {file = "flake8_pyproject-1.2.3-py3-none-any.whl", hash = "sha256:6249fe53545205af5e76837644dc80b4c10037e73a0e5db87ff562d75fb5bd4a"},
]

[[package]]
name = "iniconfig"
version = "2.0.0"
requires_python = ">=3.7"
summary = "brain-dead simple config-ini parsing"
groups = ["dev"]
files = [
    {file = "iniconfig-2.0.0-py3-none-any.whl", hash = "sha256:b6a85871a79d2e3b22d2d1b94ac2824226a63c6b741c88f7ae975f18b6778374"},
    {file = "iniconfig-2.0.0.tar.gz", hash = "sha256:2d91e135bf72d31a410b17c16da610a82cb55f6b0477d1a902134b24a455b8b3"},
]

[[package]]
name = "jsonpickle"
version = "3.0.2"
requires_python = ">=3.7"
summary = "Python library for serializing any arbitrary object graph into JSON"
groups = ["default"]
files = [
    {file = "jsonpickle-3.0.2-py3-none-any.whl", hash = "sha256:4a8442d97ca3f77978afa58068768dba7bff2dbabe79a9647bc3cdafd4ef019f"},
    {file = "jsonpickle-3.0.2.tar.gz", hash = "sha256:e37abba4bfb3ca4a4647d28bb9f4706436f7b46c8a8333b4a718abafa8e46b37"},
]

[[package]]
name = "linecache2"
version = "1.0.0"
summary = "Backports of the linecache module"
groups = ["dev", "examples"]
files = [
    {file = "linecache2-1.0.0-py2.py3-none-any.whl", hash = "sha256:e78be9c0a0dfcbac712fe04fbf92b96cddae80b1b842f24248214c8496f006ef"},
    {file = "linecache2-1.0.0.tar.gz", hash = "sha256:4b26ff4e7110db76eeb6f5a7b64a82623839d595c2038eeda662f2a2db78e97c"},
]

[[package]]
name = "mccabe"
version = "0.7.0"
requires_python = ">=3.6"
summary = "McCabe checker, plugin for flake8"
groups = ["dev"]
files = [
    {file = "mccabe-0.7.0-py2.py3-none-any.whl", hash = "sha256:6c2d30ab6be0e4a46919781807b4f0d834ebdd6c6e3dca0bda5a15f863427b6e"},
    {file = "mccabe-0.7.0.tar.gz", hash = "sha256:348e0240c33b60bbdf4e523192ef919f28cb2c3d7d5c7794f74009290f236325"},
]

[[package]]
name = "packaging"
version = "23.2"
requires_python = ">=3.7"
summary = "Core utilities for Python packages"
groups = ["dev"]
files = [
    {file = "packaging-23.2-py3-none-any.whl", hash = "sha256:8c491190033a9af7e1d931d0b5dacc2ef47509b34dd0de67ed209b5203fc88c7"},
    {file = "packaging-23.2.tar.gz", hash = "sha256:048fb0e9405036518eaaf48a55953c750c11e1a1b68e0dd1a9d62ed0c092cfc5"},
]

[[package]]
name = "paho-mqtt"
version = "1.6.1"
summary = "MQTT version 5.0/3.1.1 client class"
groups = ["examples"]
files = [
    {file = "paho-mqtt-1.6.1.tar.gz", hash = "sha256:2a8291c81623aec00372b5a85558a372c747cbca8e9934dfe218638b8eefc26f"},
]

[[package]]
name = "pluggy"
version = "1.3.0"
requires_python = ">=3.8"
summary = "plugin and hook calling mechanisms for python"
groups = ["dev"]
files = [
    {file = "pluggy-1.3.0-py3-none-any.whl", hash = "sha256:d89c696a773f8bd377d18e5ecda92b7a3793cbe66c87060a6fb58c7b6e1061f7"},
    {file = "pluggy-1.3.0.tar.gz", hash = "sha256:cf61ae8f126ac6f7c451172cf30e3e43d3ca77615509771b3a984a0730651e12"},
]

[[package]]
name = "pycodestyle"
version = "2.9.1"
requires_python = ">=3.6"
summary = "Python style guide checker"
groups = ["dev"]
files = [
    {file = "pycodestyle-2.9.1-py2.py3-none-any.whl", hash = "sha256:d1735fc58b418fd7c5f658d28d943854f8a849b01a5d0a1e6f3f3fdd0166804b"},
    {file = "pycodestyle-2.9.1.tar.gz", hash = "sha256:2c9607871d58c76354b697b42f5d57e1ada7d261c261efac224b664affdc5785"},
]

[[package]]
name = "pyflakes"
version = "2.5.0"
requires_python = ">=3.6"
summary = "passive checker of Python programs"
groups = ["dev"]
files = [
    {file = "pyflakes-2.5.0-py2.py3-none-any.whl", hash = "sha256:4579f67d887f804e67edb544428f264b7b24f435b263c4614f384135cea553d2"},
    {file = "pyflakes-2.5.0.tar.gz", hash = "sha256:491feb020dca48ccc562a8c0cbe8df07ee13078df59813b83959cbdada312ea3"},
]

[[package]]
name = "pyserial"
version = "3.5"
summary = "Python Serial Port Extension"
groups = ["examples"]
files = [
    {file = "pyserial-3.5-py2.py3-none-any.whl", hash = "sha256:c4451db6ba391ca6ca299fb3ec7bae67a5c55dde170964c7a14ceefec02f2cf0"},
    {file = "pyserial-3.5.tar.gz", hash = "sha256:3c77e014170dfffbd816e6ffc205e9842efb10be9f58ec16d3e8675b4925cddb"},
]

[[package]]
name = "pytest"
version = "7.4.3"
requires_python = ">=3.7"
summary = "pytest: simple powerful testing with Python"
groups = ["dev"]
dependencies = [
    "colorama; sys_platform == \"win32\"",
    "exceptiongroup>=1.0.0rc8; python_version < \"3.11\"",
    "iniconfig",
    "packaging",
    "pluggy<2.0,>=0.12",
    "tomli>=1.0.0; python_version < \"3.11\"",
]
files = [
    {file = "pytest-7.4.3-py3-none-any.whl", hash = "sha256:0d009c083ea859a71b76adf7c1d502e4bc170b80a8ef002da5806527b9591fac"},
    {file = "pytest-7.4.3.tar.gz", hash = "sha256:d989d136982de4e3b29dabcc838ad581c64e8ed52c11fbe86ddebd9da0818cd5"},
]

[[package]]
name = "six"
version = "1.16.0"
requires_python = ">=2.7, !=3.0.*, !=3.1.*, !=3.2.*"
summary = "Python 2 and 3 compatibility utilities"
groups = ["dev"]
files = [
    {file = "six-1.16.0-py2.py3-none-any.whl", hash = "sha256:8abb2f1d86890a2dfb989f9a77cfcfd3e47c2a354b01111771326f8aa26e0254"},
    {file = "six-1.16.0.tar.gz", hash = "sha256:1e61c37477a1626458e36f7b1d82aa5c9b094fa4802892072e49de9c60c4c926"},
]

[[package]]
name = "tomli"
version = "2.0.1"
requires_python = ">=3.7"
summary = "A lil' TOML parser"
groups = ["dev"]
marker = "python_version < \"3.11\""
files = [
    {file = "tomli-2.0.1-py3-none-any.whl", hash = "sha256:939de3e7a6161af0c887ef91b7d41a53e7c5a1ca976325f429cb46ea9bc30ecc"},
    {file = "tomli-2.0.1.tar.gz", hash = "sha256:de526c12914f0c550d15924c62d72abc48d6fe7364aa87328337a31007fe8a4f"},
]

[[package]]
name = "traceback2"
version = "1.4.0"
summary = "Backports of the traceback module"
groups = ["dev", "examples"]
dependencies = [
    "linecache2",
]
files = [
    {file = "traceback2-1.4.0-py2.py3-none-any.whl", hash = "sha256:8253cebec4b19094d67cc5ed5af99bf1dba1285292226e98a31929f87a5d6b23"},
    {file = "traceback2-1.4.0.tar.gz", hash = "sha256:05acc67a09980c2ecfedd3423f7ae0104839eccb55fc645773e1caa0951c3030"},
]

[[package]]
name = "unittest2"
version = "1.1.0"
summary = "The new features in unittest backported to Python 2.4+."
groups = ["dev"]
dependencies = [
    "argparse",
    "six>=1.4",
    "traceback2",
]
files = [
    {file = "unittest2-1.1.0-py2.py3-none-any.whl", hash = "sha256:13f77d0875db6d9b435e1d4f41e74ad4cc2eb6e1d5c824996092b3430f088bb8"},
    {file = "unittest2-1.1.0.tar.gz", hash = "sha256:22882a0e418c284e1f718a822b3b022944d53d2d908e1690b319a9d3eb2c0579"},
]
